
Microsoft Visual Studio Solution File, Format Version 12.00
# Visual Studio Version 16
VisualStudioVersion = 16.0.31205.134
MinimumVisualStudioVersion = 10.0.40219.1
Project("{FAE04EC0-301F-11D3-BF4B-00C04F79EFBC}") = "tablica_rejestracyjna", "tablica_rejestracyjna\tablica_rejestracyjna.csproj", "{94FAD00E-895E-435F-B37B-D83CC6B14DED}"
EndProject
Global
	GlobalSection(SolutionConfigurationPlatforms) = preSolution
		Debug|Any CPU = Debug|Any CPU
		Release|Any CPU = Release|Any CPU
	EndGlobalSection
	GlobalSection(ProjectConfigurationPlatforms) = postSolution
		{94FAD00E-895E-435F-B37B-D83CC6B14DED}.Debug|Any CPU.ActiveCfg = Debug|Any CPU
		{94FAD00E-895E-435F-B37B-D83CC6B14DED}.Debug|Any CPU.Build.0 = Debug|Any CPU
		{94FAD00E-895E-435F-B37B-D83CC6B14DED}.Release|Any CPU.ActiveCfg = Release|Any CPU
		{94FAD00E-895E-435F-B37B-D83CC6B14DED}.Release|Any CPU.Build.0 = Release|Any CPU
	EndGlobalSection
	GlobalSection(SolutionProperties) = preSolution
		HideSolutionNode = FALSE
	EndGlobalSection
	GlobalSection(ExtensibilityGlobals) = postSolution
		SolutionGuid = {894888AF-EE5C-4ED7-BB47-6EC647C89FAC}
	EndGlobalSection
EndGlobal
